
Microsoft Visual Studio Solution File, Format Version 12.00
# Visual Studio 2012
Project("{FAE04EC0-301F-11D3-BF4B-00C04F79EFBC}") = "Banco.Model", "Banco\Banco.Model.csproj", "{9B51837A-A9E8-4DA4-9C7F-D91F2EA8CA59}"
EndProject
Project("{FAE04EC0-301F-11D3-BF4B-00C04F79EFBC}") = "UnitTestBanco", "UnitTestBanco\UnitTestBanco.csproj", "{AE3334F8-F318-4032-A817-4B38669B77D7}"
EndProject
Project("{FAE04EC0-301F-11D3-BF4B-00C04F79EFBC}") = "Banco.Business", "Banco.Business\Banco.Business.csproj", "{AAB1F536-350E-4ACD-ADC7-5A9686B80187}"
EndProject
Project("{FAE04EC0-301F-11D3-BF4B-00C04F79EFBC}") = "Banco.Data", "Banco.Data\Banco.Data.csproj", "{8527CFB1-D4D7-48E3-8E0E-37D02024F0E6}"
EndProject
Global
	GlobalSection(SolutionConfigurationPlatforms) = preSolution
		Debug|Any CPU = Debug|Any CPU
		Release|Any CPU = Release|Any CPU
	EndGlobalSection
	GlobalSection(ProjectConfigurationPlatforms) = postSolution
		{9B51837A-A9E8-4DA4-9C7F-D91F2EA8CA59}.Debug|Any CPU.ActiveCfg = Debug|Any CPU
		{9B51837A-A9E8-4DA4-9C7F-D91F2EA8CA59}.Debug|Any CPU.Build.0 = Debug|Any CPU
		{9B51837A-A9E8-4DA4-9C7F-D91F2EA8CA59}.Release|Any CPU.ActiveCfg = Release|Any CPU
		{9B51837A-A9E8-4DA4-9C7F-D91F2EA8CA59}.Release|Any CPU.Build.0 = Release|Any CPU
		{AE3334F8-F318-4032-A817-4B38669B77D7}.Debug|Any CPU.ActiveCfg = Debug|Any CPU
		{AE3334F8-F318-4032-A817-4B38669B77D7}.Debug|Any CPU.Build.0 = Debug|Any CPU
		{AE3334F8-F318-4032-A817-4B38669B77D7}.Release|Any CPU.ActiveCfg = Release|Any CPU
		{AE3334F8-F318-4032-A817-4B38669B77D7}.Release|Any CPU.Build.0 = Release|Any CPU
		{AAB1F536-350E-4ACD-ADC7-5A9686B80187}.Debug|Any CPU.ActiveCfg = Debug|Any CPU
		{AAB1F536-350E-4ACD-ADC7-5A9686B80187}.Debug|Any CPU.Build.0 = Debug|Any CPU
		{AAB1F536-350E-4ACD-ADC7-5A9686B80187}.Release|Any CPU.ActiveCfg = Release|Any CPU
		{AAB1F536-350E-4ACD-ADC7-5A9686B80187}.Release|Any CPU.Build.0 = Release|Any CPU
		{8527CFB1-D4D7-48E3-8E0E-37D02024F0E6}.Debug|Any CPU.ActiveCfg = Debug|Any CPU
		{8527CFB1-D4D7-48E3-8E0E-37D02024F0E6}.Debug|Any CPU.Build.0 = Debug|Any CPU
		{8527CFB1-D4D7-48E3-8E0E-37D02024F0E6}.Release|Any CPU.ActiveCfg = Release|Any CPU
		{8527CFB1-D4D7-48E3-8E0E-37D02024F0E6}.Release|Any CPU.Build.0 = Release|Any CPU
	EndGlobalSection
	GlobalSection(SolutionProperties) = preSolution
		HideSolutionNode = FALSE
	EndGlobalSection
	GlobalSection(ExtensibilityGlobals) = postSolution
		EnterpriseLibraryConfigurationToolBinariesPathV6 = packages\EnterpriseLibrary.Common.6.0.1304.0\lib\NET45;packages\EnterpriseLibrary.Data.6.0.1304.0\lib\NET45
	EndGlobalSection
EndGlobal
